
Microsoft Visual Studio Solution File, Format Version 12.00
# Visual Studio Version 16
VisualStudioVersion = 16.0.32002.261
MinimumVisualStudioVersion = 10.0.40219.1
Project("{9A19103F-16F7-4668-BE54-9A1E7A4F7556}") = "PW.FastColoredTextBox", "PW.FastColoredTextBox\PW.FastColoredTextBox.csproj", "{6DD14A85-CCFC-4774-BD26-0F5772512319}"
EndProject
Project("{9A19103F-16F7-4668-BE54-9A1E7A4F7556}") = "Tester", "Tester\Tester.csproj", "{EBE443EE-F4C7-49E6-AC22-959CA62FAA05}"
EndProject
Project("{778DAE3C-4631-46EA-AA77-85C1314464D9}") = "TesterVB", "TesterVB\TesterVB.vbproj", "{3EF3A5A0-2365-41FD-97A0-254A2CFC6577}"
EndProject
Global
	GlobalSection(SolutionConfigurationPlatforms) = preSolution
		Debug|Any CPU = Debug|Any CPU
		Release|Any CPU = Release|Any CPU
	EndGlobalSection
	GlobalSection(ProjectConfigurationPlatforms) = postSolution
		{6DD14A85-CCFC-4774-BD26-0F5772512319}.Debug|Any CPU.ActiveCfg = Debug|Any CPU
		{6DD14A85-CCFC-4774-BD26-0F5772512319}.Debug|Any CPU.Build.0 = Debug|Any CPU
		{6DD14A85-CCFC-4774-BD26-0F5772512319}.Release|Any CPU.ActiveCfg = Release|Any CPU
		{6DD14A85-CCFC-4774-BD26-0F5772512319}.Release|Any CPU.Build.0 = Release|Any CPU
		{EBE443EE-F4C7-49E6-AC22-959CA62FAA05}.Debug|Any CPU.ActiveCfg = Debug|Any CPU
		{EBE443EE-F4C7-49E6-AC22-959CA62FAA05}.Debug|Any CPU.Build.0 = Debug|Any CPU
		{EBE443EE-F4C7-49E6-AC22-959CA62FAA05}.Release|Any CPU.ActiveCfg = Release|Any CPU
		{EBE443EE-F4C7-49E6-AC22-959CA62FAA05}.Release|Any CPU.Build.0 = Release|Any CPU
		{3EF3A5A0-2365-41FD-97A0-254A2CFC6577}.Debug|Any CPU.ActiveCfg = Debug|Any CPU
		{3EF3A5A0-2365-41FD-97A0-254A2CFC6577}.Debug|Any CPU.Build.0 = Debug|Any CPU
		{3EF3A5A0-2365-41FD-97A0-254A2CFC6577}.Release|Any CPU.ActiveCfg = Release|Any CPU
		{3EF3A5A0-2365-41FD-97A0-254A2CFC6577}.Release|Any CPU.Build.0 = Release|Any CPU
	EndGlobalSection
	GlobalSection(SolutionProperties) = preSolution
		HideSolutionNode = FALSE
	EndGlobalSection
	GlobalSection(ExtensibilityGlobals) = postSolution
		SolutionGuid = {12441298-9199-448C-955C-5496668D6591}
	EndGlobalSection
EndGlobal
